
Microsoft Visual Studio Solution File, Format Version 12.00
# Visual Studio Version 16
VisualStudioVersion = 16.0.30204.135
MinimumVisualStudioVersion = 10.0.40219.1
Project("{8BC9CEB8-8B4A-11D0-8D11-00A0C91BC942}") = "TaskWithTimeConversion", "TaskWithTimeConversion\TaskWithTimeConversion.vcxproj", "{1CFFE34A-27EB-4DE3-9E18-7AFB9929D3C8}"
EndProject
Global
	GlobalSection(SolutionConfigurationPlatforms) = preSolution
		Debug|x64 = Debug|x64
		Debug|x86 = Debug|x86
		Release|x64 = Release|x64
		Release|x86 = Release|x86
	EndGlobalSection
	GlobalSection(ProjectConfigurationPlatforms) = postSolution
		{1CFFE34A-27EB-4DE3-9E18-7AFB9929D3C8}.Debug|x64.ActiveCfg = Debug|x64
		{1CFFE34A-27EB-4DE3-9E18-7AFB9929D3C8}.Debug|x64.Build.0 = Debug|x64
		{1CFFE34A-27EB-4DE3-9E18-7AFB9929D3C8}.Debug|x86.ActiveCfg = Debug|Win32
		{1CFFE34A-27EB-4DE3-9E18-7AFB9929D3C8}.Debug|x86.Build.0 = Debug|Win32
		{1CFFE34A-27EB-4DE3-9E18-7AFB9929D3C8}.Release|x64.ActiveCfg = Release|x64
		{1CFFE34A-27EB-4DE3-9E18-7AFB9929D3C8}.Release|x64.Build.0 = Release|x64
		{1CFFE34A-27EB-4DE3-9E18-7AFB9929D3C8}.Release|x86.ActiveCfg = Release|Win32
		{1CFFE34A-27EB-4DE3-9E18-7AFB9929D3C8}.Release|x86.Build.0 = Release|Win32
	EndGlobalSection
	GlobalSection(SolutionProperties) = preSolution
		HideSolutionNode = FALSE
	EndGlobalSection
	GlobalSection(ExtensibilityGlobals) = postSolution
		SolutionGuid = {F8A9FE7B-BB91-4A76-B5EB-28608B4280C8}
	EndGlobalSection
EndGlobal
