
Microsoft Visual Studio Solution File, Format Version 12.00
# Visual Studio Version 16
VisualStudioVersion = 16.0.30204.135
MinimumVisualStudioVersion = 10.0.40219.1
Project("{8BC9CEB8-8B4A-11D0-8D11-00A0C91BC942}") = "TaskWithPalindrome", "TaskWithPalindrome\TaskWithPalindrome.vcxproj", "{F3387FE0-4E20-4D6B-B5DE-B29FDFB28194}"
EndProject
Global
	GlobalSection(SolutionConfigurationPlatforms) = preSolution
		Debug|x64 = Debug|x64
		Debug|x86 = Debug|x86
		Release|x64 = Release|x64
		Release|x86 = Release|x86
	EndGlobalSection
	GlobalSection(ProjectConfigurationPlatforms) = postSolution
		{F3387FE0-4E20-4D6B-B5DE-B29FDFB28194}.Debug|x64.ActiveCfg = Debug|x64
		{F3387FE0-4E20-4D6B-B5DE-B29FDFB28194}.Debug|x64.Build.0 = Debug|x64
		{F3387FE0-4E20-4D6B-B5DE-B29FDFB28194}.Debug|x86.ActiveCfg = Debug|Win32
		{F3387FE0-4E20-4D6B-B5DE-B29FDFB28194}.Debug|x86.Build.0 = Debug|Win32
		{F3387FE0-4E20-4D6B-B5DE-B29FDFB28194}.Release|x64.ActiveCfg = Release|x64
		{F3387FE0-4E20-4D6B-B5DE-B29FDFB28194}.Release|x64.Build.0 = Release|x64
		{F3387FE0-4E20-4D6B-B5DE-B29FDFB28194}.Release|x86.ActiveCfg = Release|Win32
		{F3387FE0-4E20-4D6B-B5DE-B29FDFB28194}.Release|x86.Build.0 = Release|Win32
	EndGlobalSection
	GlobalSection(SolutionProperties) = preSolution
		HideSolutionNode = FALSE
	EndGlobalSection
	GlobalSection(ExtensibilityGlobals) = postSolution
		SolutionGuid = {6B19668B-5B2A-494B-9DCF-C6A1CDC3F13D}
	EndGlobalSection
EndGlobal
